
Microsoft Visual Studio Solution File, Format Version 12.00
# Visual Studio 15
VisualStudioVersion = 15.0.27703.2035
MinimumVisualStudioVersion = 10.0.40219.1
Project("{FAE04EC0-301F-11D3-BF4B-00C04F79EFBC}") = "Pollock", "Pollock.csproj", "{759D557D-FA9B-4EE2-A6B3-3D30FC35F3CE}"
EndProject
Global
	GlobalSection(SolutionConfigurationPlatforms) = preSolution
		Debug|Any CPU = Debug|Any CPU
		Release|Any CPU = Release|Any CPU
	EndGlobalSection
	GlobalSection(ProjectConfigurationPlatforms) = postSolution
		{759D557D-FA9B-4EE2-A6B3-3D30FC35F3CE}.Debug|Any CPU.ActiveCfg = Debug|Any CPU
		{759D557D-FA9B-4EE2-A6B3-3D30FC35F3CE}.Debug|Any CPU.Build.0 = Debug|Any CPU
		{759D557D-FA9B-4EE2-A6B3-3D30FC35F3CE}.Release|Any CPU.ActiveCfg = Release|Any CPU
		{759D557D-FA9B-4EE2-A6B3-3D30FC35F3CE}.Release|Any CPU.Build.0 = Release|Any CPU
	EndGlobalSection
	GlobalSection(SolutionProperties) = preSolution
		HideSolutionNode = FALSE
	EndGlobalSection
	GlobalSection(ExtensibilityGlobals) = postSolution
		SolutionGuid = {E598CE39-98F7-4F0F-BF91-3C29C30919F9}
	EndGlobalSection
EndGlobal
