Microsoft Visual Studio Solution File, Format Version 12.00
# Visual Studio 15
VisualStudioVersion = 15.0.27004.2006
MinimumVisualStudioVersion = 10.0.40219.1
Project("{8BC9CEB8-8B4A-11D0-8D11-00A0C91BC942}") = "rufus", ".vs\rufus.vcxproj", "{731858A7-0303-4988-877B-9C0DD6471864}"
EndProject
Project("{8BC9CEB8-8B4A-11D0-8D11-00A0C91BC942}") = "ms-sys", ".vs\ms-sys.vcxproj", "{2B1D078D-8EB4-4398-9CA4-23457265A7F6}"
EndProject
Project("{8BC9CEB8-8B4A-11D0-8D11-00A0C91BC942}") = "syslinux-libfat", ".vs\syslinux-libfat.vcxproj", "{8390DCE0-859D-4F57-AD9C-AAEAC4D77EEF}"
EndProject
Project("{8BC9CEB8-8B4A-11D0-8D11-00A0C91BC942}") = "syslinux-libinstaller", ".vs\syslinux-libinstaller.vcxproj", "{266502AC-CD74-4581-B707-938A7D05AD7A}"
EndProject
Project("{8BC9CEB8-8B4A-11D0-8D11-00A0C91BC942}") = "syslinux-win", ".vs\syslinux-win.vcxproj", "{7D2E9784-DDF7-4988-A887-CF099BC3B340}"
EndProject
Project("{8BC9CEB8-8B4A-11D0-8D11-00A0C91BC942}") = "libcdio-iso9660", ".vs\libcdio-iso9660.vcxproj", "{D4E80F35-2604-40AC-B436-97B052ECB572}"
EndProject
Project("{8BC9CEB8-8B4A-11D0-8D11-00A0C91BC942}") = "libcdio-udf", ".vs\libcdio-udf.vcxproj", "{0CEC40A6-A195-4BE5-A88B-0AB00EB142EC}"
EndProject
Project("{8BC9CEB8-8B4A-11D0-8D11-00A0C91BC942}") = "libcdio-driver", ".vs\libcdio-driver.vcxproj", "{FA1B1093-BA86-410A-B7A0-7A54C605F812}"
EndProject
Project("{8BC9CEB8-8B4A-11D0-8D11-00A0C91BC942}") = "getopt", ".vs\getopt.vcxproj", "{AE83E1B4-CE06-47EE-B7A3-C3A1D7C2D71E}"
EndProject
Project("{8BC9CEB8-8B4A-11D0-8D11-00A0C91BC942}") = "bled", ".vs\bled.vcxproj", "{FB6D52D4-A2F8-C358-DB85-BBCAECFDDD7D}"
EndProject
Global
	GlobalSection(SolutionConfigurationPlatforms) = preSolution
		Debug|arm = Debug|arm
		Debug|arm64 = Debug|arm64
		Debug|x86 = Debug|x86
		Debug|x64 = Debug|x64
		Release|arm = Release|arm
		Release|arm64 = Release|arm64
		Release|x86 = Release|x86
		Release|x64 = Release|x64
	EndGlobalSection
	GlobalSection(ProjectConfigurationPlatforms) = postSolution
		{731858A7-0303-4988-877B-9C0DD6471864}.Debug|arm.ActiveCfg = Debug|ARM
		{731858A7-0303-4988-877B-9C0DD6471864}.Debug|arm.Build.0 = Debug|ARM
		{731858A7-0303-4988-877B-9C0DD6471864}.Debug|arm64.ActiveCfg = Debug|ARM64
		{731858A7-0303-4988-877B-9C0DD6471864}.Debug|arm64.Build.0 = Debug|ARM64
		{731858A7-0303-4988-877B-9C0DD6471864}.Debug|x86.ActiveCfg = Debug|Win32
		{731858A7-0303-4988-877B-9C0DD6471864}.Debug|x86.Build.0 = Debug|Win32
		{731858A7-0303-4988-877B-9C0DD6471864}.Debug|x64.ActiveCfg = Debug|x64
		{731858A7-0303-4988-877B-9C0DD6471864}.Debug|x64.Build.0 = Debug|x64
		{731858A7-0303-4988-877B-9C0DD6471864}.Release|arm.ActiveCfg = Release|ARM
		{731858A7-0303-4988-877B-9C0DD6471864}.Release|arm.Build.0 = Release|ARM
		{731858A7-0303-4988-877B-9C0DD6471864}.Release|arm64.ActiveCfg = Release|ARM64
		{731858A7-0303-4988-877B-9C0DD6471864}.Release|arm64.Build.0 = Release|ARM64
		{731858A7-0303-4988-877B-9C0DD6471864}.Release|x86.ActiveCfg = Release|Win32
		{731858A7-0303-4988-877B-9C0DD6471864}.Release|x86.Build.0 = Release|Win32
		{731858A7-0303-4988-877B-9C0DD6471864}.Release|x64.ActiveCfg = Release|x64
		{731858A7-0303-4988-877B-9C0DD6471864}.Release|x64.Build.0 = Release|x64
		{2B1D078D-8EB4-4398-9CA4-23457265A7F6}.Debug|arm.ActiveCfg = Debug|ARM
		{2B1D078D-8EB4-4398-9CA4-23457265A7F6}.Debug|arm.Build.0 = Debug|ARM
		{2B1D078D-8EB4-4398-9CA4-23457265A7F6}.Debug|arm64.ActiveCfg = Debug|ARM64
		{2B1D078D-8EB4-4398-9CA4-23457265A7F6}.Debug|arm64.Build.0 = Debug|ARM64
		{2B1D078D-8EB4-4398-9CA4-23457265A7F6}.Debug|x86.ActiveCfg = Debug|Win32
		{2B1D078D-8EB4-4398-9CA4-23457265A7F6}.Debug|x86.Build.0 = Debug|Win32
		{2B1D078D-8EB4-4398-9CA4-23457265A7F6}.Debug|x64.ActiveCfg = Debug|x64
		{2B1D078D-8EB4-4398-9CA4-23457265A7F6}.Debug|x64.Build.0 = Debug|x64
		{2B1D078D-8EB4-4398-9CA4-23457265A7F6}.Release|arm.ActiveCfg = Release|ARM
		{2B1D078D-8EB4-4398-9CA4-23457265A7F6}.Release|arm.Build.0 = Release|ARM
		{2B1D078D-8EB4-4398-9CA4-23457265A7F6}.Release|arm64.ActiveCfg = Release|ARM64
		{2B1D078D-8EB4-4398-9CA4-23457265A7F6}.Release|arm64.Build.0 = Release|ARM64
		{2B1D078D-8EB4-4398-9CA4-23457265A7F6}.Release|x86.ActiveCfg = Release|Win32
		{2B1D078D-8EB4-4398-9CA4-23457265A7F6}.Release|x86.Build.0 = Release|Win32
		{2B1D078D-8EB4-4398-9CA4-23457265A7F6}.Release|x64.ActiveCfg = Release|x64
		{2B1D078D-8EB4-4398-9CA4-23457265A7F6}.Release|x64.Build.0 = Release|x64
		{8390DCE0-859D-4F57-AD9C-AAEAC4D77EEF}.Debug|arm.ActiveCfg = Debug|ARM
		{8390DCE0-859D-4F57-AD9C-AAEAC4D77EEF}.Debug|arm.Build.0 = Debug|ARM
		{8390DCE0-859D-4F57-AD9C-AAEAC4D77EEF}.Debug|arm64.ActiveCfg = Debug|ARM64
		{8390DCE0-859D-4F57-AD9C-AAEAC4D77EEF}.Debug|arm64.Build.0 = Debug|ARM64
		{8390DCE0-859D-4F57-AD9C-AAEAC4D77EEF}.Debug|x86.ActiveCfg = Debug|Win32
		{8390DCE0-859D-4F57-AD9C-AAEAC4D77EEF}.Debug|x86.Build.0 = Debug|Win32
		{8390DCE0-859D-4F57-AD9C-AAEAC4D77EEF}.Debug|x64.ActiveCfg = Debug|x64
		{8390DCE0-859D-4F57-AD9C-AAEAC4D77EEF}.Debug|x64.Build.0 = Debug|x64
		{8390DCE0-859D-4F57-AD9C-AAEAC4D77EEF}.Release|arm.ActiveCfg = Release|ARM
		{8390DCE0-859D-4F57-AD9C-AAEAC4D77EEF}.Release|arm.Build.0 = Release|ARM
		{8390DCE0-859D-4F57-AD9C-AAEAC4D77EEF}.Release|arm64.ActiveCfg = Release|ARM64
		{8390DCE0-859D-4F57-AD9C-AAEAC4D77EEF}.Release|arm64.Build.0 = Release|ARM64
		{8390DCE0-859D-4F57-AD9C-AAEAC4D77EEF}.Release|x86.ActiveCfg = Release|Win32
		{8390DCE0-859D-4F57-AD9C-AAEAC4D77EEF}.Release|x86.Build.0 = Release|Win32
		{8390DCE0-859D-4F57-AD9C-AAEAC4D77EEF}.Release|x64.ActiveCfg = Release|x64
		{8390DCE0-859D-4F57-AD9C-AAEAC4D77EEF}.Release|x64.Build.0 = Release|x64
		{266502AC-CD74-4581-B707-938A7D05AD7A}.Debug|arm.ActiveCfg = Debug|ARM
		{266502AC-CD74-4581-B707-938A7D05AD7A}.Debug|arm.Build.0 = Debug|ARM
		{266502AC-CD74-4581-B707-938A7D05AD7A}.Debug|arm64.ActiveCfg = Debug|ARM64
		{266502AC-CD74-4581-B707-938A7D05AD7A}.Debug|arm64.Build.0 = Debug|ARM64
		{266502AC-CD74-4581-B707-938A7D05AD7A}.Debug|x86.ActiveCfg = Debug|Win32
		{266502AC-CD74-4581-B707-938A7D05AD7A}.Debug|x86.Build.0 = Debug|Win32
		{266502AC-CD74-4581-B707-938A7D05AD7A}.Debug|x64.ActiveCfg = Debug|x64
		{266502AC-CD74-4581-B707-938A7D05AD7A}.Debug|x64.Build.0 = Debug|x64
		{266502AC-CD74-4581-B707-938A7D05AD7A}.Release|arm.ActiveCfg = Release|ARM
		{266502AC-CD74-4581-B707-938A7D05AD7A}.Release|arm.Build.0 = Release|ARM
		{266502AC-CD74-4581-B707-938A7D05AD7A}.Release|arm64.ActiveCfg = Release|ARM64
		{266502AC-CD74-4581-B707-938A7D05AD7A}.Release|arm64.Build.0 = Release|ARM64
		{266502AC-CD74-4581-B707-938A7D05AD7A}.Release|x86.ActiveCfg = Release|Win32
		{266502AC-CD74-4581-B707-938A7D05AD7A}.Release|x86.Build.0 = Release|Win32
		{266502AC-CD74-4581-B707-938A7D05AD7A}.Release|x64.ActiveCfg = Release|x64
		{266502AC-CD74-4581-B707-938A7D05AD7A}.Release|x64.Build.0 = Release|x64
		{7D2E9784-DDF7-4988-A887-CF099BC3B340}.Debug|arm.ActiveCfg = Debug|ARM
		{7D2E9784-DDF7-4988-A887-CF099BC3B340}.Debug|arm.Build.0 = Debug|ARM
		{7D2E9784-DDF7-4988-A887-CF099BC3B340}.Debug|arm64.ActiveCfg = Debug|ARM64
		{7D2E9784-DDF7-4988-A887-CF099BC3B340}.Debug|arm64.Build.0 = Debug|ARM64
		{7D2E9784-DDF7-4988-A887-CF099BC3B340}.Debug|x86.ActiveCfg = Debug|Win32
		{7D2E9784-DDF7-4988-A887-CF099BC3B340}.Debug|x86.Build.0 = Debug|Win32
		{7D2E9784-DDF7-4988-A887-CF099BC3B340}.Debug|x64.ActiveCfg = Debug|x64
		{7D2E9784-DDF7-4988-A887-CF099BC3B340}.Debug|x64.Build.0 = Debug|x64
		{7D2E9784-DDF7-4988-A887-CF099BC3B340}.Release|arm.ActiveCfg = Release|ARM
		{7D2E9784-DDF7-4988-A887-CF099BC3B340}.Release|arm.Build.0 = Release|ARM
		{7D2E9784-DDF7-4988-A887-CF099BC3B340}.Release|arm64.ActiveCfg = Release|ARM64
		{7D2E9784-DDF7-4988-A887-CF099BC3B340}.Release|arm64.Build.0 = Release|ARM64
		{7D2E9784-DDF7-4988-A887-CF099BC3B340}.Release|x86.ActiveCfg = Release|Win32
		{7D2E9784-DDF7-4988-A887-CF099BC3B340}.Release|x86.Build.0 = Release|Win32
		{7D2E9784-DDF7-4988-A887-CF099BC3B340}.Release|x64.ActiveCfg = Release|x64
		{7D2E9784-DDF7-4988-A887-CF099BC3B340}.Release|x64.Build.0 = Release|x64
		{D4E80F35-2604-40AC-B436-97B052ECB572}.Debug|arm.ActiveCfg = Debug|ARM
		{D4E80F35-2604-40AC-B436-97B052ECB572}.Debug|arm.Build.0 = Debug|ARM
		{D4E80F35-2604-40AC-B436-97B052ECB572}.Debug|arm64.ActiveCfg = Debug|ARM64
		{D4E80F35-2604-40AC-B436-97B052ECB572}.Debug|arm64.Build.0 = Debug|ARM64
		{D4E80F35-2604-40AC-B436-97B052ECB572}.Debug|x86.ActiveCfg = Debug|Win32
		{D4E80F35-2604-40AC-B436-97B052ECB572}.Debug|x86.Build.0 = Debug|Win32
		{D4E80F35-2604-40AC-B436-97B052ECB572}.Debug|x64.ActiveCfg = Debug|x64
		{D4E80F35-2604-40AC-B436-97B052ECB572}.Debug|x64.Build.0 = Debug|x64
		{D4E80F35-2604-40AC-B436-97B052ECB572}.Release|arm.ActiveCfg = Release|ARM
		{D4E80F35-2604-40AC-B436-97B052ECB572}.Release|arm.Build.0 = Release|ARM
		{D4E80F35-2604-40AC-B436-97B052ECB572}.Release|arm64.ActiveCfg = Release|ARM64
		{D4E80F35-2604-40AC-B436-97B052ECB572}.Release|arm64.Build.0 = Release|ARM64
		{D4E80F35-2604-40AC-B436-97B052ECB572}.Release|x86.ActiveCfg = Release|Win32
		{D4E80F35-2604-40AC-B436-97B052ECB572}.Release|x86.Build.0 = Release|Win32
		{D4E80F35-2604-40AC-B436-97B052ECB572}.Release|x64.ActiveCfg = Release|x64
		{D4E80F35-2604-40AC-B436-97B052ECB572}.Release|x64.Build.0 = Release|x64
		{0CEC40A6-A195-4BE5-A88B-0AB00EB142EC}.Debug|arm.ActiveCfg = Debug|ARM
		{0CEC40A6-A195-4BE5-A88B-0AB00EB142EC}.Debug|arm.Build.0 = Debug|ARM
		{0CEC40A6-A195-4BE5-A88B-0AB00EB142EC}.Debug|arm64.ActiveCfg = Debug|ARM64
		{0CEC40A6-A195-4BE5-A88B-0AB00EB142EC}.Debug|arm64.Build.0 = Debug|ARM64
		{0CEC40A6-A195-4BE5-A88B-0AB00EB142EC}.Debug|x86.ActiveCfg = Debug|Win32
		{0CEC40A6-A195-4BE5-A88B-0AB00EB142EC}.Debug|x86.Build.0 = Debug|Win32
		{0CEC40A6-A195-4BE5-A88B-0AB00EB142EC}.Debug|x64.ActiveCfg = Debug|x64
		{0CEC40A6-A195-4BE5-A88B-0AB00EB142EC}.Debug|x64.Build.0 = Debug|x64
		{0CEC40A6-A195-4BE5-A88B-0AB00EB142EC}.Release|arm.ActiveCfg = Release|ARM
		{0CEC40A6-A195-4BE5-A88B-0AB00EB142EC}.Release|arm.Build.0 = Release|ARM
		{0CEC40A6-A195-4BE5-A88B-0AB00EB142EC}.Release|arm64.ActiveCfg = Release|ARM64
		{0CEC40A6-A195-4BE5-A88B-0AB00EB142EC}.Release|arm64.Build.0 = Release|ARM64
		{0CEC40A6-A195-4BE5-A88B-0AB00EB142EC}.Release|x86.ActiveCfg = Release|Win32
		{0CEC40A6-A195-4BE5-A88B-0AB00EB142EC}.Release|x86.Build.0 = Release|Win32
		{0CEC40A6-A195-4BE5-A88B-0AB00EB142EC}.Release|x64.ActiveCfg = Release|x64
		{0CEC40A6-A195-4BE5-A88B-0AB00EB142EC}.Release|x64.Build.0 = Release|x64
		{FA1B1093-BA86-410A-B7A0-7A54C605F812}.Debug|arm.ActiveCfg = Debug|ARM
		{FA1B1093-BA86-410A-B7A0-7A54C605F812}.Debug|arm.Build.0 = Debug|ARM
		{FA1B1093-BA86-410A-B7A0-7A54C605F812}.Debug|arm64.ActiveCfg = Debug|ARM64
		{FA1B1093-BA86-410A-B7A0-7A54C605F812}.Debug|arm64.Build.0 = Debug|ARM64
		{FA1B1093-BA86-410A-B7A0-7A54C605F812}.Debug|x86.ActiveCfg = Debug|Win32
		{FA1B1093-BA86-410A-B7A0-7A54C605F812}.Debug|x86.Build.0 = Debug|Win32
		{FA1B1093-BA86-410A-B7A0-7A54C605F812}.Debug|x64.ActiveCfg = Debug|x64
		{FA1B1093-BA86-410A-B7A0-7A54C605F812}.Debug|x64.Build.0 = Debug|x64
		{FA1B1093-BA86-410A-B7A0-7A54C605F812}.Release|arm.ActiveCfg = Release|ARM
		{FA1B1093-BA86-410A-B7A0-7A54C605F812}.Release|arm.Build.0 = Release|ARM
		{FA1B1093-BA86-410A-B7A0-7A54C605F812}.Release|arm64.ActiveCfg = Release|ARM64
		{FA1B1093-BA86-410A-B7A0-7A54C605F812}.Release|arm64.Build.0 = Release|ARM64
		{FA1B1093-BA86-410A-B7A0-7A54C605F812}.Release|x86.ActiveCfg = Release|Win32
		{FA1B1093-BA86-410A-B7A0-7A54C605F812}.Release|x86.Build.0 = Release|Win32
		{FA1B1093-BA86-410A-B7A0-7A54C605F812}.Release|x64.ActiveCfg = Release|x64
		{FA1B1093-BA86-410A-B7A0-7A54C605F812}.Release|x64.Build.0 = Release|x64
		{AE83E1B4-CE06-47EE-B7A3-C3A1D7C2D71E}.Debug|arm.ActiveCfg = Debug|ARM
		{AE83E1B4-CE06-47EE-B7A3-C3A1D7C2D71E}.Debug|arm.Build.0 = Debug|ARM
		{AE83E1B4-CE06-47EE-B7A3-C3A1D7C2D71E}.Debug|arm64.ActiveCfg = Debug|ARM64
		{AE83E1B4-CE06-47EE-B7A3-C3A1D7C2D71E}.Debug|arm64.Build.0 = Debug|ARM64
		{AE83E1B4-CE06-47EE-B7A3-C3A1D7C2D71E}.Debug|x86.ActiveCfg = Debug|Win32
		{AE83E1B4-CE06-47EE-B7A3-C3A1D7C2D71E}.Debug|x86.Build.0 = Debug|Win32
		{AE83E1B4-CE06-47EE-B7A3-C3A1D7C2D71E}.Debug|x64.ActiveCfg = Debug|x64
		{AE83E1B4-CE06-47EE-B7A3-C3A1D7C2D71E}.Debug|x64.Build.0 = Debug|x64
		{AE83E1B4-CE06-47EE-B7A3-C3A1D7C2D71E}.Release|arm.ActiveCfg = Release|ARM
		{AE83E1B4-CE06-47EE-B7A3-C3A1D7C2D71E}.Release|arm.Build.0 = Release|ARM
		{AE83E1B4-CE06-47EE-B7A3-C3A1D7C2D71E}.Release|arm64.ActiveCfg = Release|ARM64
		{AE83E1B4-CE06-47EE-B7A3-C3A1D7C2D71E}.Release|arm64.Build.0 = Release|ARM64
		{AE83E1B4-CE06-47EE-B7A3-C3A1D7C2D71E}.Release|x86.ActiveCfg = Release|Win32
		{AE83E1B4-CE06-47EE-B7A3-C3A1D7C2D71E}.Release|x86.Build.0 = Release|Win32
		{AE83E1B4-CE06-47EE-B7A3-C3A1D7C2D71E}.Release|x64.ActiveCfg = Release|x64
		{AE83E1B4-CE06-47EE-B7A3-C3A1D7C2D71E}.Release|x64.Build.0 = Release|x64
		{FB6D52D4-A2F8-C358-DB85-BBCAECFDDD7D}.Debug|arm.ActiveCfg = Debug|ARM
		{FB6D52D4-A2F8-C358-DB85-BBCAECFDDD7D}.Debug|arm.Build.0 = Debug|ARM
		{FB6D52D4-A2F8-C358-DB85-BBCAECFDDD7D}.Debug|arm64.ActiveCfg = Debug|ARM64
		{FB6D52D4-A2F8-C358-DB85-BBCAECFDDD7D}.Debug|arm64.Build.0 = Debug|ARM64
		{FB6D52D4-A2F8-C358-DB85-BBCAECFDDD7D}.Debug|x86.ActiveCfg = Debug|Win32
		{FB6D52D4-A2F8-C358-DB85-BBCAECFDDD7D}.Debug|x86.Build.0 = Debug|Win32
		{FB6D52D4-A2F8-C358-DB85-BBCAECFDDD7D}.Debug|x64.ActiveCfg = Debug|x64
		{FB6D52D4-A2F8-C358-DB85-BBCAECFDDD7D}.Debug|x64.Build.0 = Debug|x64
		{FB6D52D4-A2F8-C358-DB85-BBCAECFDDD7D}.Release|arm.ActiveCfg = Release|ARM
		{FB6D52D4-A2F8-C358-DB85-BBCAECFDDD7D}.Release|arm.Build.0 = Release|ARM
		{FB6D52D4-A2F8-C358-DB85-BBCAECFDDD7D}.Release|arm64.ActiveCfg = Release|ARM64
		{FB6D52D4-A2F8-C358-DB85-BBCAECFDDD7D}.Release|arm64.Build.0 = Release|ARM64
		{FB6D52D4-A2F8-C358-DB85-BBCAECFDDD7D}.Release|x86.ActiveCfg = Release|Win32
		{FB6D52D4-A2F8-C358-DB85-BBCAECFDDD7D}.Release|x86.Build.0 = Release|Win32
		{FB6D52D4-A2F8-C358-DB85-BBCAECFDDD7D}.Release|x64.ActiveCfg = Release|x64
		{FB6D52D4-A2F8-C358-DB85-BBCAECFDDD7D}.Release|x64.Build.0 = Release|x64
	EndGlobalSection
	GlobalSection(SolutionProperties) = preSolution
		HideSolutionNode = FALSE
	EndGlobalSection
	GlobalSection(ExtensibilityGlobals) = postSolution
		SolutionGuid = {CCF051E2-A27D-48B0-94ED-ADC18A40E0DB}
	EndGlobalSection
EndGlobal
