
Microsoft Visual Studio Solution File, Format Version 12.00
# Visual Studio Version 17
VisualStudioVersion = 17.14.37111.16 d17.14
MinimumVisualStudioVersion = 10.0.40219.1
Project("{FAE04EC0-301F-11D3-BF4B-00C04F79EFBC}") = "Pollock", "Pollock.csproj", "{759D557D-FA9B-4EE2-A6B3-3D30FC35F3CE}"
EndProject
Global
	GlobalSection(SolutionConfigurationPlatforms) = preSolution
		Debug|x64 = Debug|x64
		Release|x64 = Release|x64
	EndGlobalSection
	GlobalSection(ProjectConfigurationPlatforms) = postSolution
		{759D557D-FA9B-4EE2-A6B3-3D30FC35F3CE}.Debug|x64.ActiveCfg = Debug|x64
		{759D557D-FA9B-4EE2-A6B3-3D30FC35F3CE}.Debug|x64.Build.0 = Debug|x64
		{759D557D-FA9B-4EE2-A6B3-3D30FC35F3CE}.Release|x64.ActiveCfg = Release|x64
		{759D557D-FA9B-4EE2-A6B3-3D30FC35F3CE}.Release|x64.Build.0 = Release|x64
	EndGlobalSection
	GlobalSection(SolutionProperties) = preSolution
		HideSolutionNode = FALSE
	EndGlobalSection
	GlobalSection(ExtensibilityGlobals) = postSolution
		SolutionGuid = {E598CE39-98F7-4F0F-BF91-3C29C30919F9}
	EndGlobalSection
EndGlobal
