<?xml version="1.0" encoding="utf-8"?>
<Project ToolsVersion="4.0" xmlns="http://schemas.microsoft.com/developer/msbuild/2003">
  <ItemGroup>
    <Filter Include="Source Files">
      <UniqueIdentifier>{396df203-84ec-49b8-ae11-074c50a020f0}</UniqueIdentifier>
    </Filter>
    <Filter Include="Header Files">
      <UniqueIdentifier>{0147b833-dc8f-4666-be99-77dfae5e6679}</UniqueIdentifier>
    </Filter>
  </ItemGroup>
  <ItemGroup>
    <ClCompile Include="..\src\bled\bled.c">
      <Filter>Source Files</Filter>
    </ClCompile>
    <ClCompile Include="..\src\bled\crc32.c">
      <Filter>Source Files</Filter>
    </ClCompile>
    <ClCompile Include="..\src\bled\data_extract_all.c">
      <Filter>Source Files</Filter>
    </ClCompile>
    <ClCompile Include="..\src\bled\data_skip.c">
      <Filter>Source Files</Filter>
    </ClCompile>
    <ClCompile Include="..\src\bled\data_align.c">
      <Filter>Source Files</Filter>
    </ClCompile>
    <ClCompile Include="..\src\bled\filter_accept_all.c">
      <Filter>Source Files</Filter>
    </ClCompile>
    <ClCompile Include="..\src\bled\filter_accept_list.c">
      <Filter>Source Files</Filter>
    </ClCompile>
    <ClCompile Include="..\src\bled\filter_accept_reject_list.c">
      <Filter>Source Files</Filter>
    </ClCompile>
    <ClCompile Include="..\src\bled\find_list_entry.c">
      <Filter>Source Files</Filter>
    </ClCompile>
    <ClCompile Include="..\src\bled\header_list.c">
      <Filter>Source Files</Filter>
    </ClCompile>
    <ClCompile Include="..\src\bled\header_skip.c">
      <Filter>Source Files</Filter>
    </ClCompile>
    <ClCompile Include="..\src\bled\header_verbose_list.c">
      <Filter>Source Files</Filter>
    </ClCompile>
    <ClCompile Include="..\src\bled\init_handle.c">
      <Filter>Source Files</Filter>
    </ClCompile>
    <ClCompile Include="..\src\bled\seek_by_jump.c">
      <Filter>Source Files</Filter>
    </ClCompile>
    <ClCompile Include="..\src\bled\seek_by_read.c">
      <Filter>Source Files</Filter>
    </ClCompile>
    <ClCompile Include="..\src\bled\decompress_bunzip2.c">
      <Filter>Source Files</Filter>
    </ClCompile>
    <ClCompile Include="..\src\bled\decompress_gunzip.c">
      <Filter>Source Files</Filter>
    </ClCompile>
    <ClCompile Include="..\src\bled\decompress_uncompress.c">
      <Filter>Source Files</Filter>
    </ClCompile>
    <ClCompile Include="..\src\bled\decompress_unlzma.c">
      <Filter>Source Files</Filter>
    </ClCompile>
    <ClCompile Include="..\src\bled\decompress_unxz.c">
      <Filter>Source Files</Filter>
    </ClCompile>
    <ClCompile Include="..\src\bled\open_transformer.c">
      <Filter>Source Files</Filter>
    </ClCompile>
    <ClCompile Include="..\src\bled\xz_dec_bcj.c">
      <Filter>Source Files</Filter>
    </ClCompile>
    <ClCompile Include="..\src\bled\xz_dec_lzma2.c">
      <Filter>Source Files</Filter>
    </ClCompile>
    <ClCompile Include="..\src\bled\xz_dec_stream.c">
      <Filter>Source Files</Filter>
    </ClCompile>
    <ClCompile Include="..\src\bled\decompress_unzip.c">
      <Filter>Source Files</Filter>
    </ClCompile>
  </ItemGroup>
  <ItemGroup>
    <ClInclude Include="..\src\bled\bb_archive.h">
      <Filter>Header Files</Filter>
    </ClInclude>
    <ClInclude Include="..\src\bled\bled.h">
      <Filter>Header Files</Filter>
    </ClInclude>
    <ClInclude Include="..\src\bled\libbb.h">
      <Filter>Header Files</Filter>
    </ClInclude>
    <ClInclude Include="..\src\bled\platform.h">
      <Filter>Header Files</Filter>
    </ClInclude>
    <ClInclude Include="..\src\bled\xz.h">
      <Filter>Header Files</Filter>
    </ClInclude>
    <ClInclude Include="..\src\bled\xz_config.h">
      <Filter>Header Files</Filter>
    </ClInclude>
    <ClInclude Include="..\src\bled\xz_lzma2.h">
      <Filter>Header Files</Filter>
    </ClInclude>
    <ClInclude Include="..\src\bled\xz_private.h">
      <Filter>Header Files</Filter>
    </ClInclude>
    <ClInclude Include="..\src\bled\xz_stream.h">
      <Filter>Header Files</Filter>
    </ClInclude>
  </ItemGroup>
</Project>