<?xml version="1.0" encoding="utf-8"?>
<Project ToolsVersion="4.0" xmlns="http://schemas.microsoft.com/developer/msbuild/2003">
  <ItemGroup>
    <Filter Include="Source Files">
      <UniqueIdentifier>{396df203-84ec-49b8-ae11-074c50a020f0}</UniqueIdentifier>
    </Filter>
    <Filter Include="Header Files">
      <UniqueIdentifier>{0147b833-dc8f-4666-be99-77dfae5e6679}</UniqueIdentifier>
    </Filter>
  </ItemGroup>
  <ItemGroup>
    <ClCompile Include="..\src\ext2fs\initialize.c">
      <Filter>Source Files</Filter>
    </ClCompile>
    <ClCompile Include="..\src\ext2fs\nt_io.c">
      <Filter>Source Files</Filter>
    </ClCompile>
    <ClCompile Include="..\src\ext2fs\alloc_sb.c">
      <Filter>Source Files</Filter>
    </ClCompile>
    <ClCompile Include="..\src\ext2fs\blknum.c">
      <Filter>Source Files</Filter>
    </ClCompile>
    <ClCompile Include="..\src\ext2fs\freefs.c">
      <Filter>Source Files</Filter>
    </ClCompile>
    <ClCompile Include="..\src\ext2fs\bitmaps.c">
      <Filter>Source Files</Filter>
    </ClCompile>
    <ClCompile Include="..\src\ext2fs\closefs.c">
      <Filter>Source Files</Filter>
    </ClCompile>
    <ClCompile Include="..\src\ext2fs\gen_bitmap.c">
      <Filter>Source Files</Filter>
    </ClCompile>
    <ClCompile Include="..\src\ext2fs\gen_bitmap64.c">
      <Filter>Source Files</Filter>
    </ClCompile>
    <ClCompile Include="..\src\ext2fs\inode.c">
      <Filter>Source Files</Filter>
    </ClCompile>
    <ClCompile Include="..\src\ext2fs\io_manager.c">
      <Filter>Source Files</Filter>
    </ClCompile>
    <ClCompile Include="..\src\ext2fs\csum.c">
      <Filter>Source Files</Filter>
    </ClCompile>
    <ClCompile Include="..\src\ext2fs\bitops.c">
      <Filter>Source Files</Filter>
    </ClCompile>
    <ClCompile Include="..\src\ext2fs\get_num_dirs.c">
      <Filter>Source Files</Filter>
    </ClCompile>
    <ClCompile Include="..\src\ext2fs\blkmap64_ba.c">
      <Filter>Source Files</Filter>
    </ClCompile>
    <ClCompile Include="..\src\ext2fs\blkmap64_rb.c">
      <Filter>Source Files</Filter>
    </ClCompile>
    <ClCompile Include="..\src\ext2fs\rbtree.c">
      <Filter>Source Files</Filter>
    </ClCompile>
    <ClCompile Include="..\src\ext2fs\crc16.c">
      <Filter>Source Files</Filter>
    </ClCompile>
    <ClCompile Include="..\src\ext2fs\crc32c.c">
      <Filter>Source Files</Filter>
    </ClCompile>
    <ClCompile Include="..\src\ext2fs\rw_bitmaps.c">
      <Filter>Source Files</Filter>
    </ClCompile>
    <ClCompile Include="..\src\ext2fs\mmp.c">
      <Filter>Source Files</Filter>
    </ClCompile>
    <ClCompile Include="..\src\ext2fs\dir_iterate.c">
      <Filter>Source Files</Filter>
    </ClCompile>
    <ClCompile Include="..\src\ext2fs\inline.c">
      <Filter>Source Files</Filter>
    </ClCompile>
    <ClCompile Include="..\src\ext2fs\block.c">
      <Filter>Source Files</Filter>
    </ClCompile>
    <ClCompile Include="..\src\ext2fs\extent.c">
      <Filter>Source Files</Filter>
    </ClCompile>
    <ClCompile Include="..\src\ext2fs\alloc.c">
      <Filter>Source Files</Filter>
    </ClCompile>
    <ClCompile Include="..\src\ext2fs\alloc_stats.c">
      <Filter>Source Files</Filter>
    </ClCompile>
    <ClCompile Include="..\src\ext2fs\dirblock.c">
      <Filter>Source Files</Filter>
    </ClCompile>
    <ClCompile Include="..\src\ext2fs\inline_data.c">
      <Filter>Source Files</Filter>
    </ClCompile>
    <ClCompile Include="..\src\ext2fs\fileio.c">
      <Filter>Source Files</Filter>
    </ClCompile>
    <ClCompile Include="..\src\ext2fs\ext_attr.c">
      <Filter>Source Files</Filter>
    </ClCompile>
    <ClCompile Include="..\src\ext2fs\i_block.c">
      <Filter>Source Files</Filter>
    </ClCompile>
    <ClCompile Include="..\src\ext2fs\punch.c">
      <Filter>Source Files</Filter>
    </ClCompile>
    <ClCompile Include="..\src\ext2fs\ind_block.c">
      <Filter>Source Files</Filter>
    </ClCompile>
    <ClCompile Include="..\src\ext2fs\bmap.c">
      <Filter>Source Files</Filter>
    </ClCompile>
    <ClCompile Include="..\src\ext2fs\read_bb.c">
      <Filter>Source Files</Filter>
    </ClCompile>
    <ClCompile Include="..\src\ext2fs\badblocks.c">
      <Filter>Source Files</Filter>
    </ClCompile>
    <ClCompile Include="..\src\ext2fs\symlink.c">
      <Filter>Source Files</Filter>
    </ClCompile>
    <ClCompile Include="..\src\ext2fs\valid_blk.c">
      <Filter>Source Files</Filter>
    </ClCompile>
    <ClCompile Include="..\src\ext2fs\lookup.c">
      <Filter>Source Files</Filter>
    </ClCompile>
    <ClCompile Include="..\src\ext2fs\link.c">
      <Filter>Source Files</Filter>
    </ClCompile>
    <ClCompile Include="..\src\ext2fs\alloc_tables.c">
      <Filter>Source Files</Filter>
    </ClCompile>
    <ClCompile Include="..\src\ext2fs\mkdir.c">
      <Filter>Source Files</Filter>
    </ClCompile>
    <ClCompile Include="..\src\ext2fs\newdir.c">
      <Filter>Source Files</Filter>
    </ClCompile>
    <ClCompile Include="..\src\ext2fs\bb_inode.c">
      <Filter>Source Files</Filter>
    </ClCompile>
    <ClCompile Include="..\src\ext2fs\hashmap.c">
      <Filter>Source Files</Filter>
    </ClCompile>
    <ClCompile Include="..\src\ext2fs\sha512.c">
      <Filter>Source Files</Filter>
    </ClCompile>
    <ClCompile Include="..\src\ext2fs\mkjournal.c">
      <Filter>Source Files</Filter>
    </ClCompile>
    <ClCompile Include="..\src\ext2fs\fallocate.c">
      <Filter>Source Files</Filter>
    </ClCompile>
    <ClCompile Include="..\src\ext2fs\openfs.c">
      <Filter>Source Files</Filter>
    </ClCompile>
    <ClCompile Include="..\src\ext2fs\namei.c">
      <Filter>Source Files</Filter>
    </ClCompile>
  </ItemGroup>
  <ItemGroup>
    <ClInclude Include="..\src\ext2fs\ext2_fs.h">
      <Filter>Header Files</Filter>
    </ClInclude>
    <ClInclude Include="..\src\ext2fs\ext2fs.h">
      <Filter>Header Files</Filter>
    </ClInclude>
    <ClInclude Include="..\src\ext2fs\ext3_extents.h">
      <Filter>Header Files</Filter>
    </ClInclude>
    <ClInclude Include="..\src\ext2fs\ext2_io.h">
      <Filter>Header Files</Filter>
    </ClInclude>
    <ClInclude Include="..\src\ext2fs\ext2_ext_attr.h">
      <Filter>Header Files</Filter>
    </ClInclude>
    <ClInclude Include="..\src\ext2fs\com_err.h">
      <Filter>Header Files</Filter>
    </ClInclude>
    <ClInclude Include="..\src\ext2fs\bitops.h">
      <Filter>Header Files</Filter>
    </ClInclude>
    <ClInclude Include="..\src\ext2fs\config.h">
      <Filter>Header Files</Filter>
    </ClInclude>
    <ClInclude Include="..\src\ext2fs\ext2_err.h">
      <Filter>Header Files</Filter>
    </ClInclude>
    <ClInclude Include="..\src\ext2fs\ext2_types.h">
      <Filter>Header Files</Filter>
    </ClInclude>
    <ClInclude Include="..\src\ext2fs\ext2fsP.h">
      <Filter>Header Files</Filter>
    </ClInclude>
    <ClInclude Include="..\src\ext2fs\rbtree.h">
      <Filter>Header Files</Filter>
    </ClInclude>
    <ClInclude Include="..\src\ext2fs\crc16.h">
      <Filter>Header Files</Filter>
    </ClInclude>
    <ClInclude Include="..\src\ext2fs\crc32c_defs.h">
      <Filter>Header Files</Filter>
    </ClInclude>
    <ClInclude Include="..\src\ext2fs\bmap64.h">
      <Filter>Header Files</Filter>
    </ClInclude>
    <ClInclude Include="..\src\ext2fs\ext4_acl.h">
      <Filter>Header Files</Filter>
    </ClInclude>
    <ClInclude Include="..\src\ext2fs\e2image.h">
      <Filter>Header Files</Filter>
    </ClInclude>
    <ClInclude Include="..\src\ext2fs\crc32c_table.h">
      <Filter>Header Files</Filter>
    </ClInclude>
    <ClInclude Include="..\src\ext2fs\hashmap.h">
      <Filter>Header Files</Filter>
    </ClInclude>
    <ClInclude Include="..\src\ext2fs\kernel-list.h">
      <Filter>Header Files</Filter>
    </ClInclude>
    <ClInclude Include="..\src\ext2fs\kernel-jbd.h">
      <Filter>Header Files</Filter>
    </ClInclude>
    <ClInclude Include="..\src\ext2fs\jfs_compat.h">
      <Filter>Header Files</Filter>
    </ClInclude>
  </ItemGroup>
</Project>