<?xml version="1.0" encoding="utf-8"?>
<Project ToolsVersion="4.0" xmlns="http://schemas.microsoft.com/developer/msbuild/2003">
  <ItemGroup>
    <Filter Include="Source Files">
      <UniqueIdentifier>{4FC737F1-C7A5-4376-A066-2A32D752A2FF}</UniqueIdentifier>
      <Extensions>cpp;c;cc;cxx;def;odl;idl;hpj;bat;asm;asmx</Extensions>
    </Filter>
    <Filter Include="Header Files">
      <UniqueIdentifier>{93995380-89BD-4b04-88EB-625FBE52EBFB}</UniqueIdentifier>
      <Extensions>h;hpp;hxx;hm;inl;inc;xsd</Extensions>
    </Filter>
  </ItemGroup>
  <ItemGroup>
    <ClCompile Include="..\src\libcdio\driver\_cdio_stdio.c">
      <Filter>Source Files</Filter>
    </ClCompile>
    <ClCompile Include="..\src\libcdio\driver\_cdio_stream.c">
      <Filter>Source Files</Filter>
    </ClCompile>
    <ClCompile Include="..\src\libcdio\driver\logging.c">
      <Filter>Source Files</Filter>
    </ClCompile>
    <ClCompile Include="..\src\libcdio\driver\ds.c">
      <Filter>Source Files</Filter>
    </ClCompile>
    <ClCompile Include="..\src\libcdio\driver\read.c">
      <Filter>Source Files</Filter>
    </ClCompile>
    <ClCompile Include="..\src\libcdio\driver\util.c">
      <Filter>Source Files</Filter>
    </ClCompile>
    <ClCompile Include="..\src\libcdio\driver\sector.c">
      <Filter>Source Files</Filter>
    </ClCompile>
    <ClCompile Include="..\src\libcdio\driver\disc.c">
      <Filter>Source Files</Filter>
    </ClCompile>
    <ClCompile Include="..\src\libcdio\driver\track.c">
      <Filter>Source Files</Filter>
    </ClCompile>
    <ClCompile Include="..\src\libcdio\driver\utf8.c">
      <Filter>Source Files</Filter>
    </ClCompile>
    <ClCompile Include="..\src\libcdio\driver\memory.c">
      <Filter>Source Files</Filter>
    </ClCompile>
  </ItemGroup>
  <ItemGroup>
    <ClInclude Include="..\src\libcdio\driver\_cdio_stdio.h">
      <Filter>Header Files</Filter>
    </ClInclude>
    <ClInclude Include="..\src\libcdio\driver\_cdio_stream.h">
      <Filter>Header Files</Filter>
    </ClInclude>
    <ClInclude Include="..\src\libcdio\driver\cdio_assert.h">
      <Filter>Header Files</Filter>
    </ClInclude>
    <ClInclude Include="..\src\libcdio\driver\cdio_private.h">
      <Filter>Header Files</Filter>
    </ClInclude>
    <ClInclude Include="..\src\libcdio\driver\filemode.h">
      <Filter>Header Files</Filter>
    </ClInclude>
    <ClInclude Include="..\src\libcdio\cdio\logging.h">
      <Filter>Header Files</Filter>
    </ClInclude>
    <ClInclude Include="..\src\libcdio\cdio\util.h">
      <Filter>Header Files</Filter>
    </ClInclude>
    <ClInclude Include="..\src\libcdio\cdio\cdio.h">
      <Filter>Header Files</Filter>
    </ClInclude>
    <ClInclude Include="..\src\libcdio\cdio\ds.h">
      <Filter>Header Files</Filter>
    </ClInclude>
    <ClInclude Include="..\src\libcdio\cdio\types.h">
      <Filter>Header Files</Filter>
    </ClInclude>
    <ClInclude Include="..\src\libcdio\config.h">
      <Filter>Header Files</Filter>
    </ClInclude>
    <ClInclude Include="..\src\libcdio\cdio\sector.h">
      <Filter>Header Files</Filter>
    </ClInclude>
    <ClInclude Include="..\src\libcdio\cdio\version.h">
      <Filter>Header Files</Filter>
    </ClInclude>
    <ClInclude Include="..\src\libcdio\driver\portable.h">
      <Filter>Header Files</Filter>
    </ClInclude>
    <ClInclude Include="..\src\libcdio\cdio\memory.h">
      <Filter>Header Files</Filter>
    </ClInclude>
  </ItemGroup>
</Project>