<?xml version="1.0" encoding="utf-8"?>
<Project ToolsVersion="4.0" xmlns="http://schemas.microsoft.com/developer/msbuild/2003">
  <ItemGroup>
    <Filter Include="Source Files">
      <UniqueIdentifier>{4FC737F1-C7A5-4376-A066-2A32D752A2FF}</UniqueIdentifier>
      <Extensions>cpp;c;cc;cxx;def;odl;idl;hpj;bat;asm;asmx</Extensions>
    </Filter>
    <Filter Include="Header Files">
      <UniqueIdentifier>{93995380-89BD-4b04-88EB-625FBE52EBFB}</UniqueIdentifier>
      <Extensions>h;hpp;hxx;hm;inl;inc;xsd</Extensions>
    </Filter>
  </ItemGroup>
  <ItemGroup>
    <ClInclude Include="..\src\libcdio\iso9660\iso9660_private.h">
      <Filter>Header Files</Filter>
    </ClInclude>
    <ClInclude Include="..\src\libcdio\config.h">
      <Filter>Header Files</Filter>
    </ClInclude>
    <ClInclude Include="..\src\libcdio\driver\cdio_assert.h">
      <Filter>Header Files</Filter>
    </ClInclude>
    <ClInclude Include="..\src\libcdio\cdio\bytesex.h">
      <Filter>Header Files</Filter>
    </ClInclude>
    <ClInclude Include="..\src\libcdio\cdio\iso9660.h">
      <Filter>Header Files</Filter>
    </ClInclude>
    <ClInclude Include="..\src\libcdio\cdio\util.h">
      <Filter>Header Files</Filter>
    </ClInclude>
    <ClInclude Include="..\src\libcdio\cdio\cdio.h">
      <Filter>Header Files</Filter>
    </ClInclude>
    <ClInclude Include="..\src\libcdio\cdio\utf8.h">
      <Filter>Header Files</Filter>
    </ClInclude>
    <ClInclude Include="..\src\libcdio\driver\_cdio_stdio.h">
      <Filter>Header Files</Filter>
    </ClInclude>
    <ClInclude Include="..\src\libcdio\driver\cdio_private.h">
      <Filter>Header Files</Filter>
    </ClInclude>
    <ClInclude Include="..\src\libcdio\cdio\logging.h">
      <Filter>Header Files</Filter>
    </ClInclude>
    <ClInclude Include="..\src\libcdio\driver\filemode.h">
      <Filter>Header Files</Filter>
    </ClInclude>
    <ClInclude Include="..\src\libcdio\cdio\cdtext.h">
      <Filter>Header Files</Filter>
    </ClInclude>
    <ClInclude Include="..\src\libcdio\cdio\portable.h">
      <Filter>Header Files</Filter>
    </ClInclude>
  </ItemGroup>
  <ItemGroup>
    <ClCompile Include="..\src\libcdio\iso9660\iso9660_fs.c">
      <Filter>Source Files</Filter>
    </ClCompile>
    <ClCompile Include="..\src\libcdio\iso9660\rock.c">
      <Filter>Source Files</Filter>
    </ClCompile>
    <ClCompile Include="..\src\libcdio\iso9660\xa.c">
      <Filter>Source Files</Filter>
    </ClCompile>
    <ClCompile Include="..\src\libcdio\iso9660\iso9660.c">
      <Filter>Source Files</Filter>
    </ClCompile>
  </ItemGroup>
</Project>