<?xml version="1.0" encoding="utf-8"?>
<Project ToolsVersion="4.0" xmlns="http://schemas.microsoft.com/developer/msbuild/2003">
  <ItemGroup>
    <Filter Include="Source Files">
      <UniqueIdentifier>{4FC737F1-C7A5-4376-A066-2A32D752A2FF}</UniqueIdentifier>
      <Extensions>cpp;c;cc;cxx;def;odl;idl;hpj;bat;asm;asmx</Extensions>
    </Filter>
    <Filter Include="Header Files">
      <UniqueIdentifier>{93995380-89BD-4b04-88EB-625FBE52EBFB}</UniqueIdentifier>
      <Extensions>h;hpp;hxx;hm;inl;inc;xsd</Extensions>
    </Filter>
  </ItemGroup>
  <ItemGroup>
    <ClInclude Include="..\src\ms-sys\inc\br.h">
      <Filter>Header Files</Filter>
    </ClInclude>
    <ClInclude Include="..\src\ms-sys\inc\partition_info.h">
      <Filter>Header Files</Filter>
    </ClInclude>
    <ClInclude Include="..\src\ms-sys\inc\br_fat12_0x0.h">
      <Filter>Header Files</Filter>
    </ClInclude>
    <ClInclude Include="..\src\ms-sys\inc\br_fat12_0x3e.h">
      <Filter>Header Files</Filter>
    </ClInclude>
    <ClInclude Include="..\src\ms-sys\inc\br_fat16_0x0.h">
      <Filter>Header Files</Filter>
    </ClInclude>
    <ClInclude Include="..\src\ms-sys\inc\br_fat16_0x3e.h">
      <Filter>Header Files</Filter>
    </ClInclude>
    <ClInclude Include="..\src\ms-sys\inc\br_fat16fd_0x3e.h">
      <Filter>Header Files</Filter>
    </ClInclude>
    <ClInclude Include="..\src\ms-sys\inc\br_fat32_0x0.h">
      <Filter>Header Files</Filter>
    </ClInclude>
    <ClInclude Include="..\src\ms-sys\inc\br_fat32_0x3f0.h">
      <Filter>Header Files</Filter>
    </ClInclude>
    <ClInclude Include="..\src\ms-sys\inc\br_fat32_0x52.h">
      <Filter>Header Files</Filter>
    </ClInclude>
    <ClInclude Include="..\src\ms-sys\inc\br_fat32fd_0x3f0.h">
      <Filter>Header Files</Filter>
    </ClInclude>
    <ClInclude Include="..\src\ms-sys\inc\br_fat32fd_0x52.h">
      <Filter>Header Files</Filter>
    </ClInclude>
    <ClInclude Include="..\src\ms-sys\inc\br_fat32nt_0x1800.h">
      <Filter>Header Files</Filter>
    </ClInclude>
    <ClInclude Include="..\src\ms-sys\inc\br_fat32nt_0x3f0.h">
      <Filter>Header Files</Filter>
    </ClInclude>
    <ClInclude Include="..\src\ms-sys\inc\br_fat32nt_0x52.h">
      <Filter>Header Files</Filter>
    </ClInclude>
    <ClInclude Include="..\src\ms-sys\inc\fat12.h">
      <Filter>Header Files</Filter>
    </ClInclude>
    <ClInclude Include="..\src\ms-sys\inc\fat16.h">
      <Filter>Header Files</Filter>
    </ClInclude>
    <ClInclude Include="..\src\ms-sys\inc\fat32.h">
      <Filter>Header Files</Filter>
    </ClInclude>
    <ClInclude Include="..\src\ms-sys\inc\file.h">
      <Filter>Header Files</Filter>
    </ClInclude>
    <ClInclude Include="..\src\ms-sys\inc\label_11_char.h">
      <Filter>Header Files</Filter>
    </ClInclude>
    <ClInclude Include="..\src\ms-sys\inc\mbr_2000.h">
      <Filter>Header Files</Filter>
    </ClInclude>
    <ClInclude Include="..\src\ms-sys\inc\mbr_95b.h">
      <Filter>Header Files</Filter>
    </ClInclude>
    <ClInclude Include="..\src\ms-sys\inc\mbr_dos.h">
      <Filter>Header Files</Filter>
    </ClInclude>
    <ClInclude Include="..\src\ms-sys\inc\mbr_dos_f2.h">
      <Filter>Header Files</Filter>
    </ClInclude>
    <ClInclude Include="..\src\ms-sys\inc\mbr_syslinux.h">
      <Filter>Header Files</Filter>
    </ClInclude>
    <ClInclude Include="..\src\ms-sys\inc\mbr_vista.h">
      <Filter>Header Files</Filter>
    </ClInclude>
    <ClInclude Include="..\src\ms-sys\inc\mbr_win7.h">
      <Filter>Header Files</Filter>
    </ClInclude>
    <ClInclude Include="..\src\ms-sys\inc\mbr_zero.h">
      <Filter>Header Files</Filter>
    </ClInclude>
    <ClInclude Include="..\src\ms-sys\inc\ntfs.h">
      <Filter>Header Files</Filter>
    </ClInclude>
    <ClInclude Include="..\src\ms-sys\inc\br_ntfs_0x0.h">
      <Filter>Header Files</Filter>
    </ClInclude>
    <ClInclude Include="..\src\ms-sys\inc\br_ntfs_0x54.h">
      <Filter>Header Files</Filter>
    </ClInclude>
    <ClInclude Include="..\src\ms-sys\inc\mbr_reactos.h">
      <Filter>Header Files</Filter>
    </ClInclude>
    <ClInclude Include="..\src\ms-sys\inc\br_fat32ros_0x1c00.h">
      <Filter>Header Files</Filter>
    </ClInclude>
    <ClInclude Include="..\src\ms-sys\inc\br_fat32ros_0x3f0.h">
      <Filter>Header Files</Filter>
    </ClInclude>
    <ClInclude Include="..\src\ms-sys\inc\br_fat32ros_0x52.h">
      <Filter>Header Files</Filter>
    </ClInclude>
    <ClInclude Include="..\src\ms-sys\inc\br_fat16ros_0x3e.h">
      <Filter>Header Files</Filter>
    </ClInclude>
    <ClInclude Include="..\src\ms-sys\inc\br_fat16ros_0x0.h">
      <Filter>Header Files</Filter>
    </ClInclude>
    <ClInclude Include="..\src\ms-sys\inc\mbr_rufus.h">
      <Filter>Header Files</Filter>
    </ClInclude>
    <ClInclude Include="..\src\ms-sys\inc\br_fat32kos_0x52.h">
      <Filter>Header Files</Filter>
    </ClInclude>
    <ClInclude Include="..\src\ms-sys\inc\mbr_kolibri.h">
      <Filter>Header Files</Filter>
    </ClInclude>
    <ClInclude Include="..\src\ms-sys\inc\mbr_grub.h">
      <Filter>Header Files</Filter>
    </ClInclude>
    <ClInclude Include="..\src\ms-sys\inc\mbr_grub2.h">
      <Filter>Header Files</Filter>
    </ClInclude>
    <ClInclude Include="..\src\ms-sys\inc\nls.h">
      <Filter>Header Files</Filter>
    </ClInclude>
    <ClInclude Include="..\src\ms-sys\inc\libintl.h">
      <Filter>Header Files</Filter>
    </ClInclude>
    <ClInclude Include="..\src\ms-sys\inc\br_fat32pe_0x3f0.h">
      <Filter>Header Files</Filter>
    </ClInclude>
    <ClInclude Include="..\src\ms-sys\inc\br_fat32pe_0x52.h">
      <Filter>Header Files</Filter>
    </ClInclude>
    <ClInclude Include="..\src\ms-sys\inc\br_fat32pe_0x1800.h">
      <Filter>Header Files</Filter>
    </ClInclude>
  </ItemGroup>
  <ItemGroup>
    <ClCompile Include="..\src\ms-sys\br.c">
      <Filter>Source Files</Filter>
    </ClCompile>
    <ClCompile Include="..\src\ms-sys\file.c">
      <Filter>Source Files</Filter>
    </ClCompile>
    <ClCompile Include="..\src\ms-sys\fat12.c">
      <Filter>Source Files</Filter>
    </ClCompile>
    <ClCompile Include="..\src\ms-sys\fat16.c">
      <Filter>Source Files</Filter>
    </ClCompile>
    <ClCompile Include="..\src\ms-sys\fat32.c">
      <Filter>Source Files</Filter>
    </ClCompile>
    <ClCompile Include="..\src\ms-sys\partition_info.c">
      <Filter>Source Files</Filter>
    </ClCompile>
    <ClCompile Include="..\src\ms-sys\ntfs.c">
      <Filter>Source Files</Filter>
    </ClCompile>
  </ItemGroup>
</Project>