<?xml version="1.0" encoding="utf-8"?>
<Project ToolsVersion="4.0" xmlns="http://schemas.microsoft.com/developer/msbuild/2003">
  <ItemGroup>
    <Filter Include="Source Files">
      <UniqueIdentifier>{4FC737F1-C7A5-4376-A066-2A32D752A2FF}</UniqueIdentifier>
      <Extensions>cpp;c;cc;cxx;def;odl;idl;hpj;bat;asm;asmx</Extensions>
    </Filter>
    <Filter Include="Header Files">
      <UniqueIdentifier>{93995380-89BD-4b04-88EB-625FBE52EBFB}</UniqueIdentifier>
      <Extensions>h;hpp;hxx;hm;inl;inc;xsd</Extensions>
    </Filter>
    <Filter Include="Resource Files">
      <UniqueIdentifier>{67DA6AB6-F800-4c08-8B7A-83BB121AAD01}</UniqueIdentifier>
      <Extensions>rc;ico;cur;bmp;dlg;rc2;rct;bin;rgs;gif;jpg;jpeg;jpe;resx;tiff;tif;png;wav</Extensions>
    </Filter>
  </ItemGroup>
  <ItemGroup>
    <ClCompile Include="..\src\rufus.c">
      <Filter>Source Files</Filter>
    </ClCompile>
    <ClCompile Include="..\src\stdlg.c">
      <Filter>Source Files</Filter>
    </ClCompile>
    <ClCompile Include="..\src\dos.c">
      <Filter>Source Files</Filter>
    </ClCompile>
    <ClCompile Include="..\src\stdio.c">
      <Filter>Source Files</Filter>
    </ClCompile>
    <ClCompile Include="..\src\format.c">
      <Filter>Source Files</Filter>
    </ClCompile>
    <ClCompile Include="..\src\drive.c">
      <Filter>Source Files</Filter>
    </ClCompile>
    <ClCompile Include="..\src\badblocks.c">
      <Filter>Source Files</Filter>
    </ClCompile>
    <ClCompile Include="..\src\dos_locale.c">
      <Filter>Source Files</Filter>
    </ClCompile>
    <ClCompile Include="..\src\syslinux.c">
      <Filter>Source Files</Filter>
    </ClCompile>
    <ClCompile Include="..\src\iso.c">
      <Filter>Source Files</Filter>
    </ClCompile>
    <ClCompile Include="..\src\icon.c">
      <Filter>Source Files</Filter>
    </ClCompile>
    <ClCompile Include="..\src\parser.c">
      <Filter>Source Files</Filter>
    </ClCompile>
    <ClCompile Include="..\src\net.c">
      <Filter>Source Files</Filter>
    </ClCompile>
    <ClCompile Include="..\src\vhd.c">
      <Filter>Source Files</Filter>
    </ClCompile>
    <ClCompile Include="..\src\stdfn.c">
      <Filter>Source Files</Filter>
    </ClCompile>
    <ClCompile Include="..\src\localization.c">
      <Filter>Source Files</Filter>
    </ClCompile>
    <ClCompile Include="..\src\smart.c">
      <Filter>Source Files</Filter>
    </ClCompile>
    <ClCompile Include="..\src\checksum.c">
      <Filter>Source Files</Filter>
    </ClCompile>
    <ClCompile Include="..\src\pki.c">
      <Filter>Source Files</Filter>
    </ClCompile>
    <ClCompile Include="..\src\dev.c">
      <Filter>Source Files</Filter>
    </ClCompile>
    <ClCompile Include="..\src\process.c">
      <Filter>Source Files</Filter>
    </ClCompile>
    <ClCompile Include="..\src\ui.c">
      <Filter>Source Files</Filter>
    </ClCompile>
  </ItemGroup>
  <ItemGroup>
    <ClInclude Include="..\src\rufus.h">
      <Filter>Header Files</Filter>
    </ClInclude>
    <ClInclude Include="..\src\msapi_utf8.h">
      <Filter>Header Files</Filter>
    </ClInclude>
    <ClInclude Include="..\src\license.h">
      <Filter>Header Files</Filter>
    </ClInclude>
    <ClInclude Include="..\src\sys_types.h">
      <Filter>Header Files</Filter>
    </ClInclude>
    <ClInclude Include="..\src\dos.h">
      <Filter>Header Files</Filter>
    </ClInclude>
    <ClInclude Include="..\src\format.h">
      <Filter>Header Files</Filter>
    </ClInclude>
    <ClInclude Include="..\src\badblocks.h">
      <Filter>Header Files</Filter>
    </ClInclude>
    <ClInclude Include="..\src\resource.h">
      <Filter>Header Files</Filter>
    </ClInclude>
    <ClInclude Include="..\src\libcdio\cdio\cdio.h">
      <Filter>Header Files</Filter>
    </ClInclude>
    <ClInclude Include="..\src\libcdio\cdio\iso9660.h">
      <Filter>Header Files</Filter>
    </ClInclude>
    <ClInclude Include="..\src\libcdio\cdio\udf.h">
      <Filter>Header Files</Filter>
    </ClInclude>
    <ClInclude Include="..\src\registry.h">
      <Filter>Header Files</Filter>
    </ClInclude>
    <ClInclude Include="..\src\localization.h">
      <Filter>Header Files</Filter>
    </ClInclude>
    <ClInclude Include="..\src\localization_data.h">
      <Filter>Header Files</Filter>
    </ClInclude>
    <ClInclude Include="..\src\smart.h">
      <Filter>Header Files</Filter>
    </ClInclude>
    <ClInclude Include="..\src\hdd_vs_ufd.h">
      <Filter>Header Files</Filter>
    </ClInclude>
    <ClInclude Include="..\src\drive.h">
      <Filter>Header Files</Filter>
    </ClInclude>
    <ClInclude Include="..\src\bled\bled.h">
      <Filter>Header Files</Filter>
    </ClInclude>
    <ClInclude Include="..\src\settings.h">
      <Filter>Header Files</Filter>
    </ClInclude>
    <ClInclude Include="..\src\missing.h">
      <Filter>Header Files</Filter>
    </ClInclude>
    <ClInclude Include="..\src\dev.h">
      <Filter>Header Files</Filter>
    </ClInclude>
    <ClInclude Include="..\src\db.h">
      <Filter>Header Files</Filter>
    </ClInclude>
    <ClInclude Include="..\src\process.h">
      <Filter>Header Files</Filter>
    </ClInclude>
    <ClInclude Include="..\src\ui.h">
      <Filter>Header Files</Filter>
    </ClInclude>
    <ClInclude Include="..\src\ui_data.h">
      <Filter>Header Files</Filter>
    </ClInclude>
  </ItemGroup>
  <ItemGroup>
    <None Include="..\res\rufus.ico">
      <Filter>Resource Files</Filter>
    </None>
    <None Include="..\res\up.ico">
      <Filter>Resource Files</Filter>
    </None>
    <None Include="..\res\down.ico">
      <Filter>Resource Files</Filter>
    </None>
  </ItemGroup>
  <ItemGroup>
    <Manifest Include="..\src\rufus.manifest">
      <Filter>Resource Files</Filter>
    </Manifest>
  </ItemGroup>
  <ItemGroup>
    <ResourceCompile Include="..\src\rufus.rc">
      <Filter>Resource Files</Filter>
    </ResourceCompile>
  </ItemGroup>
</Project>