<?xml version="1.0" encoding="utf-8"?>
<Project ToolsVersion="4.0" xmlns="http://schemas.microsoft.com/developer/msbuild/2003">
  <ItemGroup>
    <Filter Include="Source Files">
      <UniqueIdentifier>{4FC737F1-C7A5-4376-A066-2A32D752A2FF}</UniqueIdentifier>
      <Extensions>cpp;c;cc;cxx;def;odl;idl;hpj;bat;asm;asmx</Extensions>
    </Filter>
    <Filter Include="Header Files">
      <UniqueIdentifier>{93995380-89BD-4b04-88EB-625FBE52EBFB}</UniqueIdentifier>
      <Extensions>h;hpp;hxx;hm;inl;inc;xsd</Extensions>
    </Filter>
  </ItemGroup>
  <ItemGroup>
    <ClCompile Include="..\src\wimlib\wim.c">
      <Filter>Source Files</Filter>
    </ClCompile>
    <ClCompile Include="..\src\wimlib\extract.c">
      <Filter>Source Files</Filter>
    </ClCompile>
    <ClCompile Include="..\src\wimlib\xml.c">
      <Filter>Source Files</Filter>
    </ClCompile>
    <ClCompile Include="..\src\wimlib\xmlproc.c">
      <Filter>Source Files</Filter>
    </ClCompile>
    <ClCompile Include="..\src\wimlib\util.c">
      <Filter>Source Files</Filter>
    </ClCompile>
    <ClCompile Include="..\src\wimlib\error.c">
      <Filter>Source Files</Filter>
    </ClCompile>
    <ClCompile Include="..\src\wimlib\win32_replacements.c">
      <Filter>Source Files</Filter>
    </ClCompile>
    <ClCompile Include="..\src\wimlib\win32_common.c">
      <Filter>Source Files</Filter>
    </ClCompile>
    <ClCompile Include="..\src\wimlib\blob_table.c">
      <Filter>Source Files</Filter>
    </ClCompile>
    <ClCompile Include="..\src\wimlib\encoding.c">
      <Filter>Source Files</Filter>
    </ClCompile>
    <ClCompile Include="..\src\wimlib\cpu_features.c">
      <Filter>Source Files</Filter>
    </ClCompile>
    <ClCompile Include="..\src\wimlib\threads.c">
      <Filter>Source Files</Filter>
    </ClCompile>
    <ClCompile Include="..\src\wimlib\win32_apply.c">
      <Filter>Source Files</Filter>
    </ClCompile>
    <ClCompile Include="..\src\wimlib\win32_vss.c">
      <Filter>Source Files</Filter>
    </ClCompile>
    <ClCompile Include="..\src\wimlib\header.c">
      <Filter>Source Files</Filter>
    </ClCompile>
    <ClCompile Include="..\src\wimlib\metadata_resource.c">
      <Filter>Source Files</Filter>
    </ClCompile>
    <ClCompile Include="..\src\wimlib\resource.c">
      <Filter>Source Files</Filter>
    </ClCompile>
    <ClCompile Include="..\src\wimlib\security.c">
      <Filter>Source Files</Filter>
    </ClCompile>
    <ClCompile Include="..\src\wimlib\decompress.c">
      <Filter>Source Files</Filter>
    </ClCompile>
    <ClCompile Include="..\src\wimlib\decompress_common.c">
      <Filter>Source Files</Filter>
    </ClCompile>
    <ClCompile Include="..\src\wimlib\sha1.c">
      <Filter>Source Files</Filter>
    </ClCompile>
    <ClCompile Include="..\src\wimlib\xpress_decompress.c">
      <Filter>Source Files</Filter>
    </ClCompile>
    <ClCompile Include="..\src\wimlib\write.c">
      <Filter>Source Files</Filter>
    </ClCompile>
    <ClCompile Include="..\src\wimlib\file_io.c">
      <Filter>Source Files</Filter>
    </ClCompile>
    <ClCompile Include="..\src\wimlib\progress.c">
      <Filter>Source Files</Filter>
    </ClCompile>
    <ClCompile Include="..\src\wimlib\integrity.c">
      <Filter>Source Files</Filter>
    </ClCompile>
    <ClCompile Include="..\src\wimlib\dentry.c">
      <Filter>Source Files</Filter>
    </ClCompile>
    <ClCompile Include="..\src\wimlib\export_image.c">
      <Filter>Source Files</Filter>
    </ClCompile>
    <ClCompile Include="..\src\wimlib\inode.c">
      <Filter>Source Files</Filter>
    </ClCompile>
    <ClCompile Include="..\src\wimlib\iterate_dir.c">
      <Filter>Source Files</Filter>
    </ClCompile>
    <ClCompile Include="..\src\wimlib\avl_tree.c">
      <Filter>Source Files</Filter>
    </ClCompile>
    <ClCompile Include="..\src\wimlib\win32_capture.c">
      <Filter>Source Files</Filter>
    </ClCompile>
    <ClCompile Include="..\src\wimlib\timestamp.c">
      <Filter>Source Files</Filter>
    </ClCompile>
    <ClCompile Include="..\src\wimlib\pathlist.c">
      <Filter>Source Files</Filter>
    </ClCompile>
    <ClCompile Include="..\src\wimlib\paths.c">
      <Filter>Source Files</Filter>
    </ClCompile>
    <ClCompile Include="..\src\wimlib\scan.c">
      <Filter>Source Files</Filter>
    </ClCompile>
    <ClCompile Include="..\src\wimlib\lzms_common.c">
      <Filter>Source Files</Filter>
    </ClCompile>
    <ClCompile Include="..\src\wimlib\lzms_decompress.c">
      <Filter>Source Files</Filter>
    </ClCompile>
    <ClCompile Include="..\src\wimlib\lzx_common.c">
      <Filter>Source Files</Filter>
    </ClCompile>
    <ClCompile Include="..\src\wimlib\lzx_decompress.c">
      <Filter>Source Files</Filter>
    </ClCompile>
    <ClCompile Include="..\src\wimlib\solid.c">
      <Filter>Source Files</Filter>
    </ClCompile>
    <ClCompile Include="..\src\wimlib\reparse.c">
      <Filter>Source Files</Filter>
    </ClCompile>
    <ClCompile Include="..\src\wimlib\compress_parallel.c">
      <Filter>Source Files</Filter>
    </ClCompile>
    <ClCompile Include="..\src\wimlib\compress_serial.c">
      <Filter>Source Files</Filter>
    </ClCompile>
    <ClCompile Include="..\src\wimlib\compress.c">
      <Filter>Source Files</Filter>
    </ClCompile>
    <ClCompile Include="..\src\wimlib\xpress_compress.c">
      <Filter>Source Files</Filter>
    </ClCompile>
    <ClCompile Include="..\src\wimlib\lzms_compress.c">
      <Filter>Source Files</Filter>
    </ClCompile>
    <ClCompile Include="..\src\wimlib\lzx_compress.c">
      <Filter>Source Files</Filter>
    </ClCompile>
    <ClCompile Include="..\src\wimlib\compress_common.c">
      <Filter>Source Files</Filter>
    </ClCompile>
    <ClCompile Include="..\src\wimlib\pattern.c">
      <Filter>Source Files</Filter>
    </ClCompile>
    <ClCompile Include="..\src\wimlib\lcpit_matchfinder.c">
      <Filter>Source Files</Filter>
    </ClCompile>
    <ClCompile Include="..\src\wimlib\textfile.c">
      <Filter>Source Files</Filter>
    </ClCompile>
    <ClCompile Include="..\src\wimlib\divsufsort.c">
      <Filter>Source Files</Filter>
    </ClCompile>
    <ClCompile Include="..\src\wimlib\inode_table.c">
      <Filter>Source Files</Filter>
    </ClCompile>
    <ClCompile Include="..\src\wimlib\inode_fixup.c">
      <Filter>Source Files</Filter>
    </ClCompile>
    <ClCompile Include="..\src\wimlib\tagged_items.c">
      <Filter>Source Files</Filter>
    </ClCompile>
    <ClCompile Include="..\src\wimlib\wimboot.c">
      <Filter>Source Files</Filter>
    </ClCompile>
    <ClCompile Include="..\src\wimlib\update_image.c">
      <Filter>Source Files</Filter>
    </ClCompile>
    <ClCompile Include="..\src\wimlib\xml_windows.c">
      <Filter>Source Files</Filter>
    </ClCompile>
    <ClCompile Include="..\src\wimlib\registry.c">
      <Filter>Source Files</Filter>
    </ClCompile>
    <ClCompile Include="..\src\wimlib\split.c">
      <Filter>Source Files</Filter>
    </ClCompile>
  </ItemGroup>
  <ItemGroup>
    <ClInclude Include="..\src\wimlib\config.h">
      <Filter>Header Files</Filter>
    </ClInclude>
    <ClInclude Include="..\src\wimlib\wimlib.h">
      <Filter>Header Files</Filter>
    </ClInclude>
    <ClInclude Include="..\src\wimlib\wimlib\assert.h">
      <Filter>Header Files</Filter>
    </ClInclude>
    <ClInclude Include="..\src\wimlib\wimlib\blob_table.h">
      <Filter>Header Files</Filter>
    </ClInclude>
    <ClInclude Include="..\src\wimlib\wimlib\cpu_features.h">
      <Filter>Header Files</Filter>
    </ClInclude>
    <ClInclude Include="..\src\wimlib\wimlib\dentry.h">
      <Filter>Header Files</Filter>
    </ClInclude>
    <ClInclude Include="..\src\wimlib\wimlib\encoding.h">
      <Filter>Header Files</Filter>
    </ClInclude>
    <ClInclude Include="..\src\wimlib\wimlib\file_io.h">
      <Filter>Header Files</Filter>
    </ClInclude>
    <ClInclude Include="..\src\wimlib\wimlib\integrity.h">
      <Filter>Header Files</Filter>
    </ClInclude>
    <ClInclude Include="..\src\wimlib\wimlib\metadata.h">
      <Filter>Header Files</Filter>
    </ClInclude>
    <ClInclude Include="..\src\wimlib\wimlib\security.h">
      <Filter>Header Files</Filter>
    </ClInclude>
    <ClInclude Include="..\src\wimlib\wimlib\threads.h">
      <Filter>Header Files</Filter>
    </ClInclude>
    <ClInclude Include="..\src\wimlib\wimlib\wim.h">
      <Filter>Header Files</Filter>
    </ClInclude>
    <ClInclude Include="..\src\wimlib\wimlib\win32.h">
      <Filter>Header Files</Filter>
    </ClInclude>
    <ClInclude Include="..\src\wimlib\wimlib\xml.h">
      <Filter>Header Files</Filter>
    </ClInclude>
    <ClInclude Include="..\src\wimlib\wimlib\list.h">
      <Filter>Header Files</Filter>
    </ClInclude>
    <ClInclude Include="..\src\wimlib\wimlib\resource.h">
      <Filter>Header Files</Filter>
    </ClInclude>
    <ClInclude Include="..\src\wimlib\wimlib\sha1.h">
      <Filter>Header Files</Filter>
    </ClInclude>
    <ClInclude Include="..\src\wimlib\wimlib\types.h">
      <Filter>Header Files</Filter>
    </ClInclude>
    <ClInclude Include="..\src\wimlib\wimlib\util.h">
      <Filter>Header Files</Filter>
    </ClInclude>
    <ClInclude Include="..\src\wimlib\wimlib_tchar.h">
      <Filter>Header Files</Filter>
    </ClInclude>
    <ClInclude Include="..\src\wimlib\wimlib\compiler.h">
      <Filter>Header Files</Filter>
    </ClInclude>
    <ClInclude Include="..\src\wimlib\wimlib\avl_tree.h">
      <Filter>Header Files</Filter>
    </ClInclude>
    <ClInclude Include="..\src\wimlib\wimlib\case.h">
      <Filter>Header Files</Filter>
    </ClInclude>
    <ClInclude Include="..\src\wimlib\wimlib\inode.h">
      <Filter>Header Files</Filter>
    </ClInclude>
    <ClInclude Include="..\src\wimlib\wimlib\error.h">
      <Filter>Header Files</Filter>
    </ClInclude>
    <ClInclude Include="..\src\wimlib\wimlib\guid.h">
      <Filter>Header Files</Filter>
    </ClInclude>
    <ClInclude Include="..\src\wimlib\wimlib\header.h">
      <Filter>Header Files</Filter>
    </ClInclude>
    <ClInclude Include="..\src\wimlib\wimlib\apply.h">
      <Filter>Header Files</Filter>
    </ClInclude>
    <ClInclude Include="..\src\wimlib\wimlib\progress.h">
      <Filter>Header Files</Filter>
    </ClInclude>
    <ClInclude Include="..\src\wimlib\wimlib\endianness.h">
      <Filter>Header Files</Filter>
    </ClInclude>
    <ClInclude Include="..\src\wimlib\wimlib\object_id.h">
      <Filter>Header Files</Filter>
    </ClInclude>
    <ClInclude Include="..\src\wimlib\wimlib\pathlist.h">
      <Filter>Header Files</Filter>
    </ClInclude>
    <ClInclude Include="..\src\wimlib\wimlib\paths.h">
      <Filter>Header Files</Filter>
    </ClInclude>
    <ClInclude Include="..\src\wimlib\wimlib\pattern.h">
      <Filter>Header Files</Filter>
    </ClInclude>
    <ClInclude Include="..\src\wimlib\wimlib\reparse.h">
      <Filter>Header Files</Filter>
    </ClInclude>
    <ClInclude Include="..\src\wimlib\wimlib\tagged_items.h">
      <Filter>Header Files</Filter>
    </ClInclude>
    <ClInclude Include="..\src\wimlib\wimlib\unix_data.h">
      <Filter>Header Files</Filter>
    </ClInclude>
    <ClInclude Include="..\src\wimlib\wimlib\xattr.h">
      <Filter>Header Files</Filter>
    </ClInclude>
    <ClInclude Include="..\src\wimlib\wimlib\timestamp.h">
      <Filter>Header Files</Filter>
    </ClInclude>
    <ClInclude Include="..\src\wimlib\wimlib\write.h">
      <Filter>Header Files</Filter>
    </ClInclude>
    <ClInclude Include="..\src\wimlib\wimlib\xmlproc.h">
      <Filter>Header Files</Filter>
    </ClInclude>
    <ClInclude Include="..\src\wimlib\wimlib\test_support.h">
      <Filter>Header Files</Filter>
    </ClInclude>
    <ClInclude Include="..\src\wimlib\wimlib\glob.h">
      <Filter>Header Files</Filter>
    </ClInclude>
    <ClInclude Include="..\src\wimlib\wimlib\win32_common.h">
      <Filter>Header Files</Filter>
    </ClInclude>
    <ClInclude Include="..\src\wimlib\wimlib\win32_vss.h">
      <Filter>Header Files</Filter>
    </ClInclude>
    <ClInclude Include="..\src\wimlib\wimlib\bitops.h">
      <Filter>Header Files</Filter>
    </ClInclude>
    <ClInclude Include="..\src\wimlib\wimlib\ntfs_3g.h">
      <Filter>Header Files</Filter>
    </ClInclude>
    <ClInclude Include="..\src\wimlib\wimlib\scan.h">
      <Filter>Header Files</Filter>
    </ClInclude>
    <ClInclude Include="..\src\wimlib\wimlib\unaligned.h">
      <Filter>Header Files</Filter>
    </ClInclude>
    <ClInclude Include="..\src\wimlib\wimlib\inode_table.h">
      <Filter>Header Files</Filter>
    </ClInclude>
    <ClInclude Include="..\src\wimlib\wimlib\textfile.h">
      <Filter>Header Files</Filter>
    </ClInclude>
    <ClInclude Include="..\src\wimlib\wimlib\wimboot.h">
      <Filter>Header Files</Filter>
    </ClInclude>
    <ClInclude Include="..\src\wimlib\wimlib\wof.h">
      <Filter>Header Files</Filter>
    </ClInclude>
    <ClInclude Include="..\src\wimlib\wimlib\alloca.h">
      <Filter>Header Files</Filter>
    </ClInclude>
    <ClInclude Include="..\src\wimlib\wimlib\decompress_common.h">
      <Filter>Header Files</Filter>
    </ClInclude>
    <ClInclude Include="..\src\wimlib\wimlib\decompressor_ops.h">
      <Filter>Header Files</Filter>
    </ClInclude>
    <ClInclude Include="..\src\wimlib\wimlib\xpress_constants.h">
      <Filter>Header Files</Filter>
    </ClInclude>
    <ClInclude Include="..\src\wimlib\wimlib\chunk_compressor.h">
      <Filter>Header Files</Filter>
    </ClInclude>
    <ClInclude Include="..\src\wimlib\wimlib\solid.h">
      <Filter>Header Files</Filter>
    </ClInclude>
    <ClInclude Include="..\src\wimlib\wimlib\lzms_common.h">
      <Filter>Header Files</Filter>
    </ClInclude>
    <ClInclude Include="..\src\wimlib\wimlib\lzms_constants.h">
      <Filter>Header Files</Filter>
    </ClInclude>
    <ClInclude Include="..\src\wimlib\wimlib\lzx_common.h">
      <Filter>Header Files</Filter>
    </ClInclude>
    <ClInclude Include="..\src\wimlib\wimlib\lzx_constants.h">
      <Filter>Header Files</Filter>
    </ClInclude>
    <ClInclude Include="..\src\wimlib\wimlib\compress_common.h">
      <Filter>Header Files</Filter>
    </ClInclude>
    <ClInclude Include="..\src\wimlib\wimlib\compressor_ops.h">
      <Filter>Header Files</Filter>
    </ClInclude>
    <ClInclude Include="..\src\wimlib\wimlib\hc_matchfinder.h">
      <Filter>Header Files</Filter>
    </ClInclude>
    <ClInclude Include="..\src\wimlib\wimlib\matchfinder_common.h">
      <Filter>Header Files</Filter>
    </ClInclude>
    <ClInclude Include="..\src\wimlib\wimlib\bt_matchfinder.h">
      <Filter>Header Files</Filter>
    </ClInclude>
    <ClInclude Include="..\src\wimlib\wimlib\lcpit_matchfinder.h">
      <Filter>Header Files</Filter>
    </ClInclude>
    <ClInclude Include="..\src\wimlib\wimlib\divsufsort.h">
      <Filter>Header Files</Filter>
    </ClInclude>
    <ClInclude Include="..\src\wimlib\wimlib\xml_windows.h">
      <Filter>Header Files</Filter>
    </ClInclude>
    <ClInclude Include="..\src\wimlib\wimlib\registry.h">
      <Filter>Header Files</Filter>
    </ClInclude>
    <ClInclude Include="..\src\wimlib\wimlib\security_descriptor.h">
      <Filter>Header Files</Filter>
    </ClInclude>
  </ItemGroup>
</Project>