<?xml version="1.0" encoding="utf-8"?>
<Project ToolsVersion="4.0" xmlns="http://schemas.microsoft.com/developer/msbuild/2003">
  <ItemGroup>
    <Filter Include="Source Files">
      <UniqueIdentifier>{4FC737F1-C7A5-4376-A066-2A32D752A2FF}</UniqueIdentifier>
      <Extensions>cpp;c;cc;cxx;def;odl;idl;hpj;bat;asm;asmx</Extensions>
    </Filter>
    <Filter Include="Header Files">
      <UniqueIdentifier>{93995380-89BD-4b04-88EB-625FBE52EBFB}</UniqueIdentifier>
      <Extensions>h;hpp;hxx;hm;inl;inc;xsd</Extensions>
    </Filter>
    <Filter Include="Resource Files">
      <UniqueIdentifier>{67DA6AB6-F800-4c08-8B7A-83BB121AAD01}</UniqueIdentifier>
      <Extensions>rc;ico;cur;bmp;dlg;rc2;rct;bin;rgs;gif;jpg;jpeg;jpe;resx;tiff;tif;png;wav</Extensions>
    </Filter>
  </ItemGroup>
  <ItemGroup>
    <ClCompile Include="..\rufus.c">
      <Filter>Source Files</Filter>
    </ClCompile>
    <ClCompile Include="..\stdlg.c">
      <Filter>Source Files</Filter>
    </ClCompile>
    <ClCompile Include="..\dos.c">
      <Filter>Source Files</Filter>
    </ClCompile>
    <ClCompile Include="..\stdio.c">
      <Filter>Source Files</Filter>
    </ClCompile>
    <ClCompile Include="..\format.c">
      <Filter>Source Files</Filter>
    </ClCompile>
    <ClCompile Include="..\drive.c">
      <Filter>Source Files</Filter>
    </ClCompile>
    <ClCompile Include="..\badblocks.c">
      <Filter>Source Files</Filter>
    </ClCompile>
    <ClCompile Include="..\dos_locale.c">
      <Filter>Source Files</Filter>
    </ClCompile>
    <ClCompile Include="..\syslinux.c">
      <Filter>Source Files</Filter>
    </ClCompile>
    <ClCompile Include="..\iso.c">
      <Filter>Source Files</Filter>
    </ClCompile>
    <ClCompile Include="..\icon.c">
      <Filter>Source Files</Filter>
    </ClCompile>
    <ClCompile Include="..\parser.c">
      <Filter>Source Files</Filter>
    </ClCompile>
    <ClCompile Include="..\net.c">
      <Filter>Source Files</Filter>
    </ClCompile>
    <ClCompile Include="..\vhd.c">
      <Filter>Source Files</Filter>
    </ClCompile>
    <ClCompile Include="..\stdfn.c">
      <Filter>Source Files</Filter>
    </ClCompile>
    <ClCompile Include="..\localization.c">
      <Filter>Source Files</Filter>
    </ClCompile>
  </ItemGroup>
  <ItemGroup>
    <ClInclude Include="..\rufus.h">
      <Filter>Header Files</Filter>
    </ClInclude>
    <ClInclude Include="..\msapi_utf8.h">
      <Filter>Header Files</Filter>
    </ClInclude>
    <ClInclude Include="..\license.h">
      <Filter>Header Files</Filter>
    </ClInclude>
    <ClInclude Include="..\sys_types.h">
      <Filter>Header Files</Filter>
    </ClInclude>
    <ClInclude Include="..\dos.h">
      <Filter>Header Files</Filter>
    </ClInclude>
    <ClInclude Include="..\format.h">
      <Filter>Header Files</Filter>
    </ClInclude>
    <ClInclude Include="..\badblocks.h">
      <Filter>Header Files</Filter>
    </ClInclude>
    <ClInclude Include="..\resource.h">
      <Filter>Header Files</Filter>
    </ClInclude>
    <ClInclude Include="..\libcdio\cdio\cdio.h">
      <Filter>Header Files</Filter>
    </ClInclude>
    <ClInclude Include="..\libcdio\cdio\logging.h">
      <Filter>Header Files</Filter>
    </ClInclude>
    <ClInclude Include="..\libcdio\cdio\iso9660.h">
      <Filter>Header Files</Filter>
    </ClInclude>
    <ClInclude Include="..\libcdio\cdio\udf.h">
      <Filter>Header Files</Filter>
    </ClInclude>
    <ClInclude Include="..\registry.h">
      <Filter>Header Files</Filter>
    </ClInclude>
    <ClInclude Include="..\localization.h">
      <Filter>Header Files</Filter>
    </ClInclude>
    <ClInclude Include="..\localization_data.h">
      <Filter>Header Files</Filter>
    </ClInclude>
  </ItemGroup>
  <ItemGroup>
    <None Include="..\..\res\rufus.ico">
      <Filter>Resource Files</Filter>
    </None>
    <None Include="..\..\res\up.ico">
      <Filter>Resource Files</Filter>
    </None>
    <None Include="..\..\res\down.ico">
      <Filter>Resource Files</Filter>
    </None>
  </ItemGroup>
  <ItemGroup>
    <Manifest Include="..\common_controls_and_elevation.manifest">
      <Filter>Resource Files</Filter>
    </Manifest>
  </ItemGroup>
  <ItemGroup>
    <ResourceCompile Include="..\rufus.rc">
      <Filter>Resource Files</Filter>
    </ResourceCompile>
  </ItemGroup>
</Project>