# Configuration for https://github.com/dessant/lock-threads
name: '[cron] Lock stale issues'

on:
  schedule:
    - cron: '0 0 * * *'

jobs:
  lock:
    runs-on: ubuntu-latest
    steps:
      - uses: dessant/lock-threads@v3
        with:
          github-token: ${{ github.token }}
          issue-lock-inactive-days: '90'
          issue-lock-comment: >
            This thread has been automatically locked since there has not been
            any recent activity after it was closed. Please open a new issue
            if you think you have a related problem or query.
